
Microsoft Visual Studio Solution File, Format Version 12.00
# Visual Studio Version 17
VisualStudioVersion = 17.4.33205.214
MinimumVisualStudioVersion = 10.0.40219.1
Project("{FAE04EC0-301F-11D3-BF4B-00C04F79EFBC}") = "Anima", "Anima.csproj", "{360A8EF7-2C0C-4912-8E64-35E38B66C000}"
EndProject
Global
	GlobalSection(SolutionConfigurationPlatforms) = preSolution
		Debug|Any CPU = Debug|Any CPU
		Release|Any CPU = Release|Any CPU
	EndGlobalSection
	GlobalSection(ProjectConfigurationPlatforms) = postSolution
		{360A8EF7-2C0C-4912-8E64-35E38B66C000}.Debug|Any CPU.ActiveCfg = Debug|Any CPU
		{360A8EF7-2C0C-4912-8E64-35E38B66C000}.Debug|Any CPU.Build.0 = Debug|Any CPU
		{360A8EF7-2C0C-4912-8E64-35E38B66C000}.Release|Any CPU.ActiveCfg = Release|Any CPU
		{360A8EF7-2C0C-4912-8E64-35E38B66C000}.Release|Any CPU.Build.0 = Release|Any CPU
	EndGlobalSection
	GlobalSection(SolutionProperties) = preSolution
		HideSolutionNode = FALSE
	EndGlobalSection
	GlobalSection(ExtensibilityGlobals) = postSolution
		SolutionGuid = {7180D64D-99DA-4A1B-9B15-87D8FCF9224E}
	EndGlobalSection
EndGlobal
